
Microsoft Visual Studio Solution File, Format Version 12.00
# Visual Studio Version 17
VisualStudioVersion = 17.7.34024.191
MinimumVisualStudioVersion = 10.0.40219.1
Project("{FAE04EC0-301F-11D3-BF4B-00C04F79EFBC}") = "文字版OXGame", "文字版OXGame.csproj", "{AFBCD363-E781-4DA9-B2BE-1C670CD4B723}"
EndProject
Global
	GlobalSection(SolutionConfigurationPlatforms) = preSolution
		Debug|Any CPU = Debug|Any CPU
		Release|Any CPU = Release|Any CPU
	EndGlobalSection
	GlobalSection(ProjectConfigurationPlatforms) = postSolution
		{AFBCD363-E781-4DA9-B2BE-1C670CD4B723}.Debug|Any CPU.ActiveCfg = Debug|Any CPU
		{AFBCD363-E781-4DA9-B2BE-1C670CD4B723}.Debug|Any CPU.Build.0 = Debug|Any CPU
		{AFBCD363-E781-4DA9-B2BE-1C670CD4B723}.Release|Any CPU.ActiveCfg = Release|Any CPU
		{AFBCD363-E781-4DA9-B2BE-1C670CD4B723}.Release|Any CPU.Build.0 = Release|Any CPU
	EndGlobalSection
	GlobalSection(SolutionProperties) = preSolution
		HideSolutionNode = FALSE
	EndGlobalSection
	GlobalSection(ExtensibilityGlobals) = postSolution
		SolutionGuid = {7972DBF0-7435-4FFE-9B2B-C0C79EE8D905}
	EndGlobalSection
EndGlobal
